github.com/sagernet/sing v0.0.0-20220722081142-8311d6e9709c h1:Y+4UoqqksclZfp7qVenaw10bQ/O5XH9JFiB7Xhfrip4=
github.com/sagernet/sing v0.0.0-20220722081142-8311d6e9709c/go.mod h1:GbtQfZSpmtD3cXeD1qX2LCMwY8dH+bnnInDTqd92IsM=
golang.org/x/net v0.0.0-20220708220712-1185a9018129 h1:vucSRfWwTsoXro7P+3Cjlr6flUMtzCwzlvkxEQtHHB0=
golang.org/x/net v0.0.0-20220708220712-1185a9018129/go.mod h1:XRhObCWvk6IyKnWLug+ECip1KBveYUHfp+8e9klMJ9c=
